
Microsoft Visual Studio Solution File, Format Version 9.00
# Visual Studio 2005
Project("{8BC9CEB8-8B4A-11D0-8D11-00A0C91BC942}") = "PC_DIMMER Demoplugin für C++", "PC_DIMMER Demoplugin für C++.vcproj", "{DEC1CD22-734A-44D4-BE78-4993E2F6C2AC}"
EndProject
Global
	GlobalSection(SolutionConfigurationPlatforms) = preSolution
		Debug|Win32 = Debug|Win32
		Release|Win32 = Release|Win32
	EndGlobalSection
	GlobalSection(ProjectConfigurationPlatforms) = postSolution
		{DEC1CD22-734A-44D4-BE78-4993E2F6C2AC}.Debug|Win32.ActiveCfg = Debug|Win32
		{DEC1CD22-734A-44D4-BE78-4993E2F6C2AC}.Debug|Win32.Build.0 = Debug|Win32
		{DEC1CD22-734A-44D4-BE78-4993E2F6C2AC}.Release|Win32.ActiveCfg = Release|Win32
		{DEC1CD22-734A-44D4-BE78-4993E2F6C2AC}.Release|Win32.Build.0 = Release|Win32
	EndGlobalSection
	GlobalSection(SolutionProperties) = preSolution
		HideSolutionNode = FALSE
	EndGlobalSection
EndGlobal
